// !$*UTF8*$!
{
	archiveVersion = 1;
	classes = {
	};
	objectVersion = 50;
	objects = {

/* Begin PBXBuildFile section */
		E8FBD77C21DE5AC7003F71D3 /* AppDelegate.m in Sources */ = {isa = PBXBuildFile; fileRef = E8FBD77B21DE5AC7003F71D3 /* AppDelegate.m */; };
		E8FBD77F21DE5AC7003F71D3 /* PeopleListViewController.m in Sources */ = {isa = PBXBuildFile; fileRef = E8FBD77E21DE5AC7003F71D3 /* PeopleListViewController.m */; };
		E8FBD78221DE5AC7003F71D3 /* Main.storyboard in Resources */ = {isa = PBXBuildFile; fileRef = E8FBD78021DE5AC7003F71D3 /* Main.storyboard */; };
		E8FBD78521DE5AC7003F71D3 /* PeopleList.xcdatamodeld in Sources */ = {isa = PBXBuildFile; fileRef = E8FBD78321DE5AC7003F71D3 /* PeopleList.xcdatamodeld */; };
		E8FBD78721DE5AC9003F71D3 /* Assets.xcassets in Resources */ = {isa = PBXBuildFile; fileRef = E8FBD78621DE5AC9003F71D3 /* Assets.xcassets */; };
		E8FBD78A21DE5AC9003F71D3 /* LaunchScreen.storyboard in Resources */ = {isa = PBXBuildFile; fileRef = E8FBD78821DE5AC9003F71D3 /* LaunchScreen.storyboard */; };
		E8FBD78D21DE5AC9003F71D3 /* main.m in Sources */ = {isa = PBXBuildFile; fileRef = E8FBD78C21DE5AC9003F71D3 /* main.m */; };
		E8FBD79721DE5AC9003F71D3 /* PeopleListTests.m in Sources */ = {isa = PBXBuildFile; fileRef = E8FBD79621DE5AC9003F71D3 /* PeopleListTests.m */; };
		E8FBD7A221DE5AC9003F71D3 /* PeopleListUITests.m in Sources */ = {isa = PBXBuildFile; fileRef = E8FBD7A121DE5AC9003F71D3 /* PeopleListUITests.m */; };
		E8FBD7B221DE5BDB003F71D3 /* NetworkManager.m in Sources */ = {isa = PBXBuildFile; fileRef = E8FBD7B121DE5BDB003F71D3 /* NetworkManager.m */; };
		E8FBD7B621DE601A003F71D3 /* PeopleProvider.m in Sources */ = {isa = PBXBuildFile; fileRef = E8FBD7B521DE601A003F71D3 /* PeopleProvider.m */; };
		E8FBD7B921DE60BB003F71D3 /* StorageManager.m in Sources */ = {isa = PBXBuildFile; fileRef = E8FBD7B821DE60BB003F71D3 /* StorageManager.m */; };
		E8FBD7C321DE7F0C003F71D3 /* PersonCell.m in Sources */ = {isa = PBXBuildFile; fileRef = E8FBD7C221DE7F0C003F71D3 /* PersonCell.m */; };
		E8FBD7C721DE8137003F71D3 /* PeopleListTableViewDataSource.m in Sources */ = {isa = PBXBuildFile; fileRef = E8FBD7C621DE8137003F71D3 /* PeopleListTableViewDataSource.m */; };
		E8FBD7CC21DE8975003F71D3 /* Person+CoreDataClass.m in Sources */ = {isa = PBXBuildFile; fileRef = E8FBD7CA21DE8975003F71D3 /* Person+CoreDataClass.m */; };
		E8FBD7CD21DE8975003F71D3 /* Person+CoreDataProperties.m in Sources */ = {isa = PBXBuildFile; fileRef = E8FBD7CB21DE8975003F71D3 /* Person+CoreDataProperties.m */; };
/* End PBXBuildFile section */

/* Begin PBXContainerItemProxy section */
		E8FBD79321DE5AC9003F71D3 /* PBXContainerItemProxy */ = {
			isa = PBXContainerItemProxy;
			containerPortal = E8FBD76F21DE5AC7003F71D3 /* Project object */;
			proxyType = 1;
			remoteGlobalIDString = E8FBD77621DE5AC7003F71D3;
			remoteInfo = PeopleList;
		};
		E8FBD79E21DE5AC9003F71D3 /* PBXContainerItemProxy */ = {
			isa = PBXContainerItemProxy;
			containerPortal = E8FBD76F21DE5AC7003F71D3 /* Project object */;
			proxyType = 1;
			remoteGlobalIDString = E8FBD77621DE5AC7003F71D3;
			remoteInfo = PeopleList;
		};
/* End PBXContainerItemProxy section */

/* Begin PBXFileReference section */
		E8FBD77721DE5AC7003F71D3 /* PeopleList.app */ = {isa = PBXFileReference; explicitFileType = wrapper.application; includeInIndex = 0; path = PeopleList.app; sourceTree = BUILT_PRODUCTS_DIR; };
		E8FBD77A21DE5AC7003F71D3 /* AppDelegate.h */ = {isa = PBXFileReference; lastKnownFileType = sourcecode.c.h; path = AppDelegate.h; sourceTree = "<group>"; };
		E8FBD77B21DE5AC7003F71D3 /* AppDelegate.m */ = {isa = PBXFileReference; lastKnownFileType = sourcecode.c.objc; path = AppDelegate.m; sourceTree = "<group>"; };
		E8FBD77D21DE5AC7003F71D3 /* PeopleListViewController.h */ = {isa = PBXFileReference; lastKnownFileType = sourcecode.c.h; path = PeopleListViewController.h; sourceTree = "<group>"; };
		E8FBD77E21DE5AC7003F71D3 /* PeopleListViewController.m */ = {isa = PBXFileReference; lastKnownFileType = sourcecode.c.objc; path = PeopleListViewController.m; sourceTree = "<group>"; };
		E8FBD78121DE5AC7003F71D3 /* Base */ = {isa = PBXFileReference; lastKnownFileType = file.storyboard; name = Base; path = Base.lproj/Main.storyboard; sourceTree = "<group>"; };
		E8FBD78421DE5AC7003F71D3 /* PeopleList.xcdatamodel */ = {isa = PBXFileReference; lastKnownFileType = wrapper.xcdatamodel; path = PeopleList.xcdatamodel; sourceTree = "<group>"; };
		E8FBD78621DE5AC9003F71D3 /* Assets.xcassets */ = {isa = PBXFileReference; lastKnownFileType = folder.assetcatalog; path = Assets.xcassets; sourceTree = "<group>"; };
		E8FBD78921DE5AC9003F71D3 /* Base */ = {isa = PBXFileReference; lastKnownFileType = file.storyboard; name = Base; path = Base.lproj/LaunchScreen.storyboard; sourceTree = "<group>"; };
		E8FBD78B21DE5AC9003F71D3 /* Info.plist */ = {isa = PBXFileReference; lastKnownFileType = text.plist.xml; path = Info.plist; sourceTree = "<group>"; };
		E8FBD78C21DE5AC9003F71D3 /* main.m */ = {isa = PBXFileReference; lastKnownFileType = sourcecode.c.objc; path = main.m; sourceTree = "<group>"; };
		E8FBD79221DE5AC9003F71D3 /* PeopleListTests.xctest */ = {isa = PBXFileReference; explicitFileType = wrapper.cfbundle; includeInIndex = 0; path = PeopleListTests.xctest; sourceTree = BUILT_PRODUCTS_DIR; };
		E8FBD79621DE5AC9003F71D3 /* PeopleListTests.m */ = {isa = PBXFileReference; lastKnownFileType = sourcecode.c.objc; path = PeopleListTests.m; sourceTree = "<group>"; };
		E8FBD79821DE5AC9003F71D3 /* Info.plist */ = {isa = PBXFileReference; lastKnownFileType = text.plist.xml; path = Info.plist; sourceTree = "<group>"; };
		E8FBD79D21DE5AC9003F71D3 /* PeopleListUITests.xctest */ = {isa = PBXFileReference; explicitFileType = wrapper.cfbundle; includeInIndex = 0; path = PeopleListUITests.xctest; sourceTree = BUILT_PRODUCTS_DIR; };
		E8FBD7A121DE5AC9003F71D3 /* PeopleListUITests.m */ = {isa = PBXFileReference; lastKnownFileType = sourcecode.c.objc; path = PeopleListUITests.m; sourceTree = "<group>"; };
		E8FBD7A321DE5AC9003F71D3 /* Info.plist */ = {isa = PBXFileReference; lastKnownFileType = text.plist.xml; path = Info.plist; sourceTree = "<group>"; };
		E8FBD7B021DE5BDB003F71D3 /* NetworkManager.h */ = {isa = PBXFileReference; lastKnownFileType = sourcecode.c.h; path = NetworkManager.h; sourceTree = "<group>"; };
		E8FBD7B121DE5BDB003F71D3 /* NetworkManager.m */ = {isa = PBXFileReference; lastKnownFileType = sourcecode.c.objc; path = NetworkManager.m; sourceTree = "<group>"; };
		E8FBD7B421DE601A003F71D3 /* PeopleProvider.h */ = {isa = PBXFileReference; lastKnownFileType = sourcecode.c.h; path = PeopleProvider.h; sourceTree = "<group>"; };
		E8FBD7B521DE601A003F71D3 /* PeopleProvider.m */ = {isa = PBXFileReference; lastKnownFileType = sourcecode.c.objc; path = PeopleProvider.m; sourceTree = "<group>"; };
		E8FBD7B721DE60BB003F71D3 /* StorageManager.h */ = {isa = PBXFileReference; lastKnownFileType = sourcecode.c.h; path = StorageManager.h; sourceTree = "<group>"; };
		E8FBD7B821DE60BB003F71D3 /* StorageManager.m */ = {isa = PBXFileReference; lastKnownFileType = sourcecode.c.objc; path = StorageManager.m; sourceTree = "<group>"; };
		E8FBD7C121DE7F0C003F71D3 /* PersonCell.h */ = {isa = PBXFileReference; lastKnownFileType = sourcecode.c.h; path = PersonCell.h; sourceTree = "<group>"; };
		E8FBD7C221DE7F0C003F71D3 /* PersonCell.m */ = {isa = PBXFileReference; lastKnownFileType = sourcecode.c.objc; path = PersonCell.m; sourceTree = "<group>"; };
		E8FBD7C521DE8137003F71D3 /* PeopleListTableViewDataSource.h */ = {isa = PBXFileReference; lastKnownFileType = sourcecode.c.h; path = PeopleListTableViewDataSource.h; sourceTree = "<group>"; };
		E8FBD7C621DE8137003F71D3 /* PeopleListTableViewDataSource.m */ = {isa = PBXFileReference; lastKnownFileType = sourcecode.c.objc; path = PeopleListTableViewDataSource.m; sourceTree = "<group>"; };
		E8FBD7C821DE8975003F71D3 /* Person+CoreDataProperties.h */ = {isa = PBXFileReference; lastKnownFileType = sourcecode.c.h; path = "Person+CoreDataProperties.h"; sourceTree = "<group>"; };
		E8FBD7C921DE8975003F71D3 /* Person+CoreDataClass.h */ = {isa = PBXFileReference; lastKnownFileType = sourcecode.c.h; path = "Person+CoreDataClass.h"; sourceTree = "<group>"; };
		E8FBD7CA21DE8975003F71D3 /* Person+CoreDataClass.m */ = {isa = PBXFileReference; lastKnownFileType = sourcecode.c.objc; path = "Person+CoreDataClass.m"; sourceTree = "<group>"; };
		E8FBD7CB21DE8975003F71D3 /* Person+CoreDataProperties.m */ = {isa = PBXFileReference; lastKnownFileType = sourcecode.c.objc; path = "Person+CoreDataProperties.m"; sourceTree = "<group>"; };
/* End PBXFileReference section */

/* Begin PBXFrameworksBuildPhase section */
		E8FBD77421DE5AC7003F71D3 /* Frameworks */ = {
			isa = PBXFrameworksBuildPhase;
			buildActionMask = 2147483647;
			files = (
			);
			runOnlyForDeploymentPostprocessing = 0;
		};
		E8FBD78F21DE5AC9003F71D3 /* Frameworks */ = {
			isa = PBXFrameworksBuildPhase;
			buildActionMask = 2147483647;
			files = (
			);
			runOnlyForDeploymentPostprocessing = 0;
		};
		E8FBD79A21DE5AC9003F71D3 /* Frameworks */ = {
			isa = PBXFrameworksBuildPhase;
			buildActionMask = 2147483647;
			files = (
			);
			runOnlyForDeploymentPostprocessing = 0;
		};
/* End PBXFrameworksBuildPhase section */

/* Begin PBXGroup section */
		E8FBD76E21DE5AC7003F71D3 = {
			isa = PBXGroup;
			children = (
				E8FBD77921DE5AC7003F71D3 /* PeopleList */,
				E8FBD79521DE5AC9003F71D3 /* PeopleListTests */,
				E8FBD7A021DE5AC9003F71D3 /* PeopleListUITests */,
				E8FBD77821DE5AC7003F71D3 /* Products */,
			);
			sourceTree = "<group>";
		};
		E8FBD77821DE5AC7003F71D3 /* Products */ = {
			isa = PBXGroup;
			children = (
				E8FBD77721DE5AC7003F71D3 /* PeopleList.app */,
				E8FBD79221DE5AC9003F71D3 /* PeopleListTests.xctest */,
				E8FBD79D21DE5AC9003F71D3 /* PeopleListUITests.xctest */,
			);
			name = Products;
			sourceTree = "<group>";
		};
		E8FBD77921DE5AC7003F71D3 /* PeopleList */ = {
			isa = PBXGroup;
			children = (
				E8FBD7C021DE7EE7003F71D3 /* View */,
				E8FBD7B321DE5FF2003F71D3 /* Model */,
				E8FBD7AF21DE5BBC003F71D3 /* Networking */,
				E8FBD77A21DE5AC7003F71D3 /* AppDelegate.h */,
				E8FBD77B21DE5AC7003F71D3 /* AppDelegate.m */,
				E8FBD7C421DE7F3F003F71D3 /* Controller */,
				E8FBD78021DE5AC7003F71D3 /* Main.storyboard */,
				E8FBD78621DE5AC9003F71D3 /* Assets.xcassets */,
				E8FBD78821DE5AC9003F71D3 /* LaunchScreen.storyboard */,
				E8FBD78B21DE5AC9003F71D3 /* Info.plist */,
				E8FBD78C21DE5AC9003F71D3 /* main.m */,
				E8FBD78321DE5AC7003F71D3 /* PeopleList.xcdatamodeld */,
			);
			path = PeopleList;
			sourceTree = "<group>";
		};
		E8FBD79521DE5AC9003F71D3 /* PeopleListTests */ = {
			isa = PBXGroup;
			children = (
				E8FBD79621DE5AC9003F71D3 /* PeopleListTests.m */,
				E8FBD79821DE5AC9003F71D3 /* Info.plist */,
			);
			path = PeopleListTests;
			sourceTree = "<group>";
		};
		E8FBD7A021DE5AC9003F71D3 /* PeopleListUITests */ = {
			isa = PBXGroup;
			children = (
				E8FBD7A121DE5AC9003F71D3 /* PeopleListUITests.m */,
				E8FBD7A321DE5AC9003F71D3 /* Info.plist */,
			);
			path = PeopleListUITests;
			sourceTree = "<group>";
		};
		E8FBD7AF21DE5BBC003F71D3 /* Networking */ = {
			isa = PBXGroup;
			children = (
				E8FBD7B021DE5BDB003F71D3 /* NetworkManager.h */,
				E8FBD7B121DE5BDB003F71D3 /* NetworkManager.m */,
			);
			path = Networking;
			sourceTree = "<group>";
		};
		E8FBD7B321DE5FF2003F71D3 /* Model */ = {
			isa = PBXGroup;
			children = (
				E8FBD7C821DE8975003F71D3 /* Person+CoreDataProperties.h */,
				E8FBD7C921DE8975003F71D3 /* Person+CoreDataClass.h */,
				E8FBD7CA21DE8975003F71D3 /* Person+CoreDataClass.m */,
				E8FBD7CB21DE8975003F71D3 /* Person+CoreDataProperties.m */,
				E8FBD7B421DE601A003F71D3 /* PeopleProvider.h */,
				E8FBD7B521DE601A003F71D3 /* PeopleProvider.m */,
				E8FBD7B721DE60BB003F71D3 /* StorageManager.h */,
				E8FBD7B821DE60BB003F71D3 /* StorageManager.m */,
			);
			path = Model;
			sourceTree = "<group>";
		};
		E8FBD7C021DE7EE7003F71D3 /* View */ = {
			isa = PBXGroup;
			children = (
				E8FBD7C121DE7F0C003F71D3 /* PersonCell.h */,
				E8FBD7C221DE7F0C003F71D3 /* PersonCell.m */,
			);
			path = View;
			sourceTree = "<group>";
		};
		E8FBD7C421DE7F3F003F71D3 /* Controller */ = {
			isa = PBXGroup;
			children = (
				E8FBD77D21DE5AC7003F71D3 /* PeopleListViewController.h */,
				E8FBD77E21DE5AC7003F71D3 /* PeopleListViewController.m */,
				E8FBD7C521DE8137003F71D3 /* PeopleListTableViewDataSource.h */,
				E8FBD7C621DE8137003F71D3 /* PeopleListTableViewDataSource.m */,
			);
			path = Controller;
			sourceTree = "<group>";
		};
/* End PBXGroup section */

/* Begin PBXNativeTarget section */
		E8FBD77621DE5AC7003F71D3 /* PeopleList */ = {
			isa = PBXNativeTarget;
			buildConfigurationList = E8FBD7A621DE5AC9003F71D3 /* Build configuration list for PBXNativeTarget "PeopleList" */;
			buildPhases = (
				E8FBD77321DE5AC7003F71D3 /* Sources */,
				E8FBD77421DE5AC7003F71D3 /* Frameworks */,
				E8FBD77521DE5AC7003F71D3 /* Resources */,
			);
			buildRules = (
			);
			dependencies = (
			);
			name = PeopleList;
			productName = PeopleList;
			productReference = E8FBD77721DE5AC7003F71D3 /* PeopleList.app */;
			productType = "com.apple.product-type.application";
		};
		E8FBD79121DE5AC9003F71D3 /* PeopleListTests */ = {
			isa = PBXNativeTarget;
			buildConfigurationList = E8FBD7A921DE5AC9003F71D3 /* Build configuration list for PBXNativeTarget "PeopleListTests" */;
			buildPhases = (
				E8FBD78E21DE5AC9003F71D3 /* Sources */,
				E8FBD78F21DE5AC9003F71D3 /* Frameworks */,
				E8FBD79021DE5AC9003F71D3 /* Resources */,
			);
			buildRules = (
			);
			dependencies = (
				E8FBD79421DE5AC9003F71D3 /* PBXTargetDependency */,
			);
			name = PeopleListTests;
			productName = PeopleListTests;
			productReference = E8FBD79221DE5AC9003F71D3 /* PeopleListTests.xctest */;
			productType = "com.apple.product-type.bundle.unit-test";
		};
		E8FBD79C21DE5AC9003F71D3 /* PeopleListUITests */ = {
			isa = PBXNativeTarget;
			buildConfigurationList = E8FBD7AC21DE5AC9003F71D3 /* Build configuration list for PBXNativeTarget "PeopleListUITests" */;
			buildPhases = (
				E8FBD79921DE5AC9003F71D3 /* Sources */,
				E8FBD79A21DE5AC9003F71D3 /* Frameworks */,
				E8FBD79B21DE5AC9003F71D3 /* Resources */,
			);
			buildRules = (
			);
			dependencies = (
				E8FBD79F21DE5AC9003F71D3 /* PBXTargetDependency */,
			);
			name = PeopleListUITests;
			productName = PeopleListUITests;
			productReference = E8FBD79D21DE5AC9003F71D3 /* PeopleListUITests.xctest */;
			productType = "com.apple.product-type.bundle.ui-testing";
		};
/* End PBXNativeTarget section */

/* Begin PBXProject section */
		E8FBD76F21DE5AC7003F71D3 /* Project object */ = {
			isa = PBXProject;
			attributes = {
				LastUpgradeCheck = 1010;
				ORGANIZATIONNAME = "Edwin Boyko";
				TargetAttributes = {
					E8FBD77621DE5AC7003F71D3 = {
						CreatedOnToolsVersion = 10.1;
					};
					E8FBD79121DE5AC9003F71D3 = {
						CreatedOnToolsVersion = 10.1;
						TestTargetID = E8FBD77621DE5AC7003F71D3;
					};
					E8FBD79C21DE5AC9003F71D3 = {
						CreatedOnToolsVersion = 10.1;
						TestTargetID = E8FBD77621DE5AC7003F71D3;
					};
				};
			};
			buildConfigurationList = E8FBD77221DE5AC7003F71D3 /* Build configuration list for PBXProject "PeopleList" */;
			compatibilityVersion = "Xcode 9.3";
			developmentRegion = en;
			hasScannedForEncodings = 0;
			knownRegions = (
				en,
				Base,
			);
			mainGroup = E8FBD76E21DE5AC7003F71D3;
			productRefGroup = E8FBD77821DE5AC7003F71D3 /* Products */;
			projectDirPath = "";
			projectRoot = "";
			targets = (
				E8FBD77621DE5AC7003F71D3 /* PeopleList */,
				E8FBD79121DE5AC9003F71D3 /* PeopleListTests */,
				E8FBD79C21DE5AC9003F71D3 /* PeopleListUITests */,
			);
		};
/* End PBXProject section */

/* Begin PBXResourcesBuildPhase section */
		E8FBD77521DE5AC7003F71D3 /* Resources */ = {
			isa = PBXResourcesBuildPhase;
			buildActionMask = 2147483647;
			files = (
				E8FBD78A21DE5AC9003F71D3 /* LaunchScreen.storyboard in Resources */,
				E8FBD78721DE5AC9003F71D3 /* Assets.xcassets in Resources */,
				E8FBD78221DE5AC7003F71D3 /* Main.storyboard in Resources */,
			);
			runOnlyForDeploymentPostprocessing = 0;
		};
		E8FBD79021DE5AC9003F71D3 /* Resources */ = {
			isa = PBXResourcesBuildPhase;
			buildActionMask = 2147483647;
			files = (
			);
			runOnlyForDeploymentPostprocessing = 0;
		};
		E8FBD79B21DE5AC9003F71D3 /* Resources */ = {
			isa = PBXResourcesBuildPhase;
			buildActionMask = 2147483647;
			files = (
			);
			runOnlyForDeploymentPostprocessing = 0;
		};
/* End PBXResourcesBuildPhase section */

/* Begin PBXSourcesBuildPhase section */
		E8FBD77321DE5AC7003F71D3 /* Sources */ = {
			isa = PBXSourcesBuildPhase;
			buildActionMask = 2147483647;
			files = (
				E8FBD7C321DE7F0C003F71D3 /* PersonCell.m in Sources */,
				E8FBD78521DE5AC7003F71D3 /* PeopleList.xcdatamodeld in Sources */,
				E8FBD77F21DE5AC7003F71D3 /* PeopleListViewController.m in Sources */,
				E8FBD78D21DE5AC9003F71D3 /* main.m in Sources */,
				E8FBD7CC21DE8975003F71D3 /* Person+CoreDataClass.m in Sources */,
				E8FBD7CD21DE8975003F71D3 /* Person+CoreDataProperties.m in Sources */,
				E8FBD7B621DE601A003F71D3 /* PeopleProvider.m in Sources */,
				E8FBD7B221DE5BDB003F71D3 /* NetworkManager.m in Sources */,
				E8FBD7B921DE60BB003F71D3 /* StorageManager.m in Sources */,
				E8FBD77C21DE5AC7003F71D3 /* AppDelegate.m in Sources */,
				E8FBD7C721DE8137003F71D3 /* PeopleListTableViewDataSource.m in Sources */,
			);
			runOnlyForDeploymentPostprocessing = 0;
		};
		E8FBD78E21DE5AC9003F71D3 /* Sources */ = {
			isa = PBXSourcesBuildPhase;
			buildActionMask = 2147483647;
			files = (
				E8FBD79721DE5AC9003F71D3 /* PeopleListTests.m in Sources */,
			);
			runOnlyForDeploymentPostprocessing = 0;
		};
		E8FBD79921DE5AC9003F71D3 /* Sources */ = {
			isa = PBXSourcesBuildPhase;
			buildActionMask = 2147483647;
			files = (
				E8FBD7A221DE5AC9003F71D3 /* PeopleListUITests.m in Sources */,
			);
			runOnlyForDeploymentPostprocessing = 0;
		};
/* End PBXSourcesBuildPhase section */

/* Begin PBXTargetDependency section */
		E8FBD79421DE5AC9003F71D3 /* PBXTargetDependency */ = {
			isa = PBXTargetDependency;
			target = E8FBD77621DE5AC7003F71D3 /* PeopleList */;
			targetProxy = E8FBD79321DE5AC9003F71D3 /* PBXContainerItemProxy */;
		};
		E8FBD79F21DE5AC9003F71D3 /* PBXTargetDependency */ = {
			isa = PBXTargetDependency;
			target = E8FBD77621DE5AC7003F71D3 /* PeopleList */;
			targetProxy = E8FBD79E21DE5AC9003F71D3 /* PBXContainerItemProxy */;
		};
/* End PBXTargetDependency section */

/* Begin PBXVariantGroup section */
		E8FBD78021DE5AC7003F71D3 /* Main.storyboard */ = {
			isa = PBXVariantGroup;
			children = (
				E8FBD78121DE5AC7003F71D3 /* Base */,
			);
			name = Main.storyboard;
			sourceTree = "<group>";
		};
		E8FBD78821DE5AC9003F71D3 /* LaunchScreen.storyboard */ = {
			isa = PBXVariantGroup;
			children = (
				E8FBD78921DE5AC9003F71D3 /* Base */,
			);
			name = LaunchScreen.storyboard;
			sourceTree = "<group>";
		};
/* End PBXVariantGroup section */

/* Begin XCBuildConfiguration section */
		E8FBD7A421DE5AC9003F71D3 /* Debug */ = {
			isa = XCBuildConfiguration;
			buildSettings = {
				ALWAYS_SEARCH_USER_PATHS = NO;
				CLANG_ANALYZER_NONNULL = YES;
				CLANG_ANALYZER_NUMBER_OBJECT_CONVERSION = YES_AGGRESSIVE;
				CLANG_CXX_LANGUAGE_STANDARD = "gnu++14";
				CLANG_CXX_LIBRARY = "libc++";
				CLANG_ENABLE_MODULES = YES;
				CLANG_ENABLE_OBJC_ARC = YES;
				CLANG_ENABLE_OBJC_WEAK = YES;
				CLANG_WARN_BLOCK_CAPTURE_AUTORELEASING = YES;
				CLANG_WARN_BOOL_CONVERSION = YES;
				CLANG_WARN_COMMA = YES;
				CLANG_WARN_CONSTANT_CONVERSION = YES;
				CLANG_WARN_DEPRECATED_OBJC_IMPLEMENTATIONS = YES;
				CLANG_WARN_DIRECT_OBJC_ISA_USAGE = YES_ERROR;
				CLANG_WARN_DOCUMENTATION_COMMENTS = YES;
				CLANG_WARN_EMPTY_BODY = YES;
				CLANG_WARN_ENUM_CONVERSION = YES;
				CLANG_WARN_INFINITE_RECURSION = YES;
				CLANG_WARN_INT_CONVERSION = YES;
				CLANG_WARN_NON_LITERAL_NULL_CONVERSION = YES;
				CLANG_WARN_OBJC_IMPLICIT_RETAIN_SELF = YES;
				CLANG_WARN_OBJC_LITERAL_CONVERSION = YES;
				CLANG_WARN_OBJC_ROOT_CLASS = YES_ERROR;
				CLANG_WARN_RANGE_LOOP_ANALYSIS = YES;
				CLANG_WARN_STRICT_PROTOTYPES = YES;
				CLANG_WARN_SUSPICIOUS_MOVE = YES;
				CLANG_WARN_UNGUARDED_AVAILABILITY = YES_AGGRESSIVE;
				CLANG_WARN_UNREACHABLE_CODE = YES;
				CLANG_WARN__DUPLICATE_METHOD_MATCH = YES;
				CODE_SIGN_IDENTITY = "iPhone Developer";
				COPY_PHASE_STRIP = NO;
				DEBUG_INFORMATION_FORMAT = dwarf;
				ENABLE_STRICT_OBJC_MSGSEND = YES;
				ENABLE_TESTABILITY = YES;
				GCC_C_LANGUAGE_STANDARD = gnu11;
				GCC_DYNAMIC_NO_PIC = NO;
				GCC_NO_COMMON_BLOCKS = YES;
				GCC_OPTIMIZATION_LEVEL = 0;
				GCC_PREPROCESSOR_DEFINITIONS = (
					"DEBUG=1",
					"$(inherited)",
				);
				GCC_WARN_64_TO_32_BIT_CONVERSION = YES;
				GCC_WARN_ABOUT_RETURN_TYPE = YES_ERROR;
				GCC_WARN_UNDECLARED_SELECTOR = YES;
				GCC_WARN_UNINITIALIZED_AUTOS = YES_AGGRESSIVE;
				GCC_WARN_UNUSED_FUNCTION = YES;
				GCC_WARN_UNUSED_VARIABLE = YES;
				IPHONEOS_DEPLOYMENT_TARGET = 12.1;
				MTL_ENABLE_DEBUG_INFO = INCLUDE_SOURCE;
				MTL_FAST_MATH = YES;
				ONLY_ACTIVE_ARCH = YES;
				SDKROOT = iphoneos;
			};
			name = Debug;
		};
		E8FBD7A521DE5AC9003F71D3 /* Release */ = {
			isa = XCBuildConfiguration;
			buildSettings = {
				ALWAYS_SEARCH_USER_PATHS = NO;
				CLANG_ANALYZER_NONNULL = YES;
				CLANG_ANALYZER_NUMBER_OBJECT_CONVERSION = YES_AGGRESSIVE;
				CLANG_CXX_LANGUAGE_STANDARD = "gnu++14";
				CLANG_CXX_LIBRARY = "libc++";
				CLANG_ENABLE_MODULES = YES;
				CLANG_ENABLE_OBJC_ARC = YES;
				CLANG_ENABLE_OBJC_WEAK = YES;
				CLANG_WARN_BLOCK_CAPTURE_AUTORELEASING = YES;
				CLANG_WARN_BOOL_CONVERSION = YES;
				CLANG_WARN_COMMA = YES;
				CLANG_WARN_CONSTANT_CONVERSION = YES;
				CLANG_WARN_DEPRECATED_OBJC_IMPLEMENTATIONS = YES;
				CLANG_WARN_DIRECT_OBJC_ISA_USAGE = YES_ERROR;
				CLANG_WARN_DOCUMENTATION_COMMENTS = YES;
				CLANG_WARN_EMPTY_BODY = YES;
				CLANG_WARN_ENUM_CONVERSION = YES;
				CLANG_WARN_INFINITE_RECURSION = YES;
				CLANG_WARN_INT_CONVERSION = YES;
				CLANG_WARN_NON_LITERAL_NULL_CONVERSION = YES;
				CLANG_WARN_OBJC_IMPLICIT_RETAIN_SELF = YES;
				CLANG_WARN_OBJC_LITERAL_CONVERSION = YES;
				CLANG_WARN_OBJC_ROOT_CLASS = YES_ERROR;
				CLANG_WARN_RANGE_LOOP_ANALYSIS = YES;
				CLANG_WARN_STRICT_PROTOTYPES = YES;
				CLANG_WARN_SUSPICIOUS_MOVE = YES;
				CLANG_WARN_UNGUARDED_AVAILABILITY = YES_AGGRESSIVE;
				CLANG_WARN_UNREACHABLE_CODE = YES;
				CLANG_WARN__DUPLICATE_METHOD_MATCH = YES;
				CODE_SIGN_IDENTITY = "iPhone Developer";
				COPY_PHASE_STRIP = NO;
				DEBUG_INFORMATION_FORMAT = "dwarf-with-dsym";
				ENABLE_NS_ASSERTIONS = NO;
				ENABLE_STRICT_OBJC_MSGSEND = YES;
				GCC_C_LANGUAGE_STANDARD = gnu11;
				GCC_NO_COMMON_BLOCKS = YES;
				GCC_WARN_64_TO_32_BIT_CONVERSION = YES;
				GCC_WARN_ABOUT_RETURN_TYPE = YES_ERROR;
				GCC_WARN_UNDECLARED_SELECTOR = YES;
				GCC_WARN_UNINITIALIZED_AUTOS = YES_AGGRESSIVE;
				GCC_WARN_UNUSED_FUNCTION = YES;
				GCC_WARN_UNUSED_VARIABLE = YES;
				IPHONEOS_DEPLOYMENT_TARGET = 12.1;
				MTL_ENABLE_DEBUG_INFO = NO;
				MTL_FAST_MATH = YES;
				SDKROOT = iphoneos;
				VALIDATE_PRODUCT = YES;
			};
			name = Release;
		};
		E8FBD7A721DE5AC9003F71D3 /* Debug */ = {
			isa = XCBuildConfiguration;
			buildSettings = {
				ASSETCATALOG_COMPILER_APPICON_NAME = AppIcon;
				CODE_SIGN_STYLE = Automatic;
				DEVELOPMENT_TEAM = FWGYJ99DK7;
				INFOPLIST_FILE = PeopleList/Info.plist;
				LD_RUNPATH_SEARCH_PATHS = (
					"$(inherited)",
					"@executable_path/Frameworks",
				);
				PRODUCT_BUNDLE_IDENTIFIER = edboyko.PeopleList;
				PRODUCT_NAME = "$(TARGET_NAME)";
				TARGETED_DEVICE_FAMILY = "1,2";
			};
			name = Debug;
		};
		E8FBD7A821DE5AC9003F71D3 /* Release */ = {
			isa = XCBuildConfiguration;
			buildSettings = {
				ASSETCATALOG_COMPILER_APPICON_NAME = AppIcon;
				CODE_SIGN_STYLE = Automatic;
				DEVELOPMENT_TEAM = FWGYJ99DK7;
				INFOPLIST_FILE = PeopleList/Info.plist;
				LD_RUNPATH_SEARCH_PATHS = (
					"$(inherited)",
					"@executable_path/Frameworks",
				);
				PRODUCT_BUNDLE_IDENTIFIER = edboyko.PeopleList;
				PRODUCT_NAME = "$(TARGET_NAME)";
				TARGETED_DEVICE_FAMILY = "1,2";
			};
			name = Release;
		};
		E8FBD7AA21DE5AC9003F71D3 /* Debug */ = {
			isa = XCBuildConfiguration;
			buildSettings = {
				BUNDLE_LOADER = "$(TEST_HOST)";
				CODE_SIGN_STYLE = Automatic;
				DEVELOPMENT_TEAM = FWGYJ99DK7;
				INFOPLIST_FILE = PeopleListTests/Info.plist;
				LD_RUNPATH_SEARCH_PATHS = (
					"$(inherited)",
					"@executable_path/Frameworks",
					"@loader_path/Frameworks",
				);
				PRODUCT_BUNDLE_IDENTIFIER = edboyko.PeopleListTests;
				PRODUCT_NAME = "$(TARGET_NAME)";
				TARGETED_DEVICE_FAMILY = "1,2";
				TEST_HOST = "$(BUILT_PRODUCTS_DIR)/PeopleList.app/PeopleList";
			};
			name = Debug;
		};
		E8FBD7AB21DE5AC9003F71D3 /* Release */ = {
			isa = XCBuildConfiguration;
			buildSettings = {
				BUNDLE_LOADER = "$(TEST_HOST)";
				CODE_SIGN_STYLE = Automatic;
				DEVELOPMENT_TEAM = FWGYJ99DK7;
				INFOPLIST_FILE = PeopleListTests/Info.plist;
				LD_RUNPATH_SEARCH_PATHS = (
					"$(inherited)",
					"@executable_path/Frameworks",
					"@loader_path/Frameworks",
				);
				PRODUCT_BUNDLE_IDENTIFIER = edboyko.PeopleListTests;
				PRODUCT_NAME = "$(TARGET_NAME)";
				TARGETED_DEVICE_FAMILY = "1,2";
				TEST_HOST = "$(BUILT_PRODUCTS_DIR)/PeopleList.app/PeopleList";
			};
			name = Release;
		};
		E8FBD7AD21DE5AC9003F71D3 /* Debug */ = {
			isa = XCBuildConfiguration;
			buildSettings = {
				CODE_SIGN_STYLE = Automatic;
				DEVELOPMENT_TEAM = FWGYJ99DK7;
				INFOPLIST_FILE = PeopleListUITests/Info.plist;
				LD_RUNPATH_SEARCH_PATHS = (
					"$(inherited)",
					"@executable_path/Frameworks",
					"@loader_path/Frameworks",
				);
				PRODUCT_BUNDLE_IDENTIFIER = edboyko.PeopleListUITests;
				PRODUCT_NAME = "$(TARGET_NAME)";
				TARGETED_DEVICE_FAMILY = "1,2";
				TEST_TARGET_NAME = PeopleList;
			};
			name = Debug;
		};
		E8FBD7AE21DE5AC9003F71D3 /* Release */ = {
			isa = XCBuildConfiguration;
			buildSettings = {
				CODE_SIGN_STYLE = Automatic;
				DEVELOPMENT_TEAM = FWGYJ99DK7;
				INFOPLIST_FILE = PeopleListUITests/Info.plist;
				LD_RUNPATH_SEARCH_PATHS = (
					"$(inherited)",
					"@executable_path/Frameworks",
					"@loader_path/Frameworks",
				);
				PRODUCT_BUNDLE_IDENTIFIER = edboyko.PeopleListUITests;
				PRODUCT_NAME = "$(TARGET_NAME)";
				TARGETED_DEVICE_FAMILY = "1,2";
				TEST_TARGET_NAME = PeopleList;
			};
			name = Release;
		};
/* End XCBuildConfiguration section */

/* Begin XCConfigurationList section */
		E8FBD77221DE5AC7003F71D3 /* Build configuration list for PBXProject "PeopleList" */ = {
			isa = XCConfigurationList;
			buildConfigurations = (
				E8FBD7A421DE5AC9003F71D3 /* Debug */,
				E8FBD7A521DE5AC9003F71D3 /* Release */,
			);
			defaultConfigurationIsVisible = 0;
			defaultConfigurationName = Release;
		};
		E8FBD7A621DE5AC9003F71D3 /* Build configuration list for PBXNativeTarget "PeopleList" */ = {
			isa = XCConfigurationList;
			buildConfigurations = (
				E8FBD7A721DE5AC9003F71D3 /* Debug */,
				E8FBD7A821DE5AC9003F71D3 /* Release */,
			);
			defaultConfigurationIsVisible = 0;
			defaultConfigurationName = Release;
		};
		E8FBD7A921DE5AC9003F71D3 /* Build configuration list for PBXNativeTarget "PeopleListTests" */ = {
			isa = XCConfigurationList;
			buildConfigurations = (
				E8FBD7AA21DE5AC9003F71D3 /* Debug */,
				E8FBD7AB21DE5AC9003F71D3 /* Release */,
			);
			defaultConfigurationIsVisible = 0;
			defaultConfigurationName = Release;
		};
		E8FBD7AC21DE5AC9003F71D3 /* Build configuration list for PBXNativeTarget "PeopleListUITests" */ = {
			isa = XCConfigurationList;
			buildConfigurations = (
				E8FBD7AD21DE5AC9003F71D3 /* Debug */,
				E8FBD7AE21DE5AC9003F71D3 /* Release */,
			);
			defaultConfigurationIsVisible = 0;
			defaultConfigurationName = Release;
		};
/* End XCConfigurationList section */

/* Begin XCVersionGroup section */
		E8FBD78321DE5AC7003F71D3 /* PeopleList.xcdatamodeld */ = {
			isa = XCVersionGroup;
			children = (
				E8FBD78421DE5AC7003F71D3 /* PeopleList.xcdatamodel */,
			);
			currentVersion = E8FBD78421DE5AC7003F71D3 /* PeopleList.xcdatamodel */;
			path = PeopleList.xcdatamodeld;
			sourceTree = "<group>";
			versionGroupType = wrapper.xcdatamodel;
		};
/* End XCVersionGroup section */
	};
	rootObject = E8FBD76F21DE5AC7003F71D3 /* Project object */;
}
